
Microsoft Visual Studio Solution File, Format Version 12.00
# Visual Studio Version 16
VisualStudioVersion = 16.0.29920.165
MinimumVisualStudioVersion = 10.0.40219.1
Project("{FAE04EC0-301F-11D3-BF4B-00C04F79EFBC}") = "Ftec.ProjWeb.Aplicativo1", "Ftec.ProjWeb.Aplicativo1\Ftec.ProjWeb.Aplicativo1.csproj", "{42F944F8-501C-4C72-8EFF-0F2CD38F606C}"
EndProject
Project("{FAE04EC0-301F-11D3-BF4B-00C04F79EFBC}") = "Atividade1", "Atividade1\Atividade1.csproj", "{1A2E5E91-BB32-4660-B5A3-994EF2AC6894}"
EndProject
Global
	GlobalSection(SolutionConfigurationPlatforms) = preSolution
		Debug|Any CPU = Debug|Any CPU
		Release|Any CPU = Release|Any CPU
	EndGlobalSection
	GlobalSection(ProjectConfigurationPlatforms) = postSolution
		{42F944F8-501C-4C72-8EFF-0F2CD38F606C}.Debug|Any CPU.ActiveCfg = Debug|Any CPU
		{42F944F8-501C-4C72-8EFF-0F2CD38F606C}.Debug|Any CPU.Build.0 = Debug|Any CPU
		{42F944F8-501C-4C72-8EFF-0F2CD38F606C}.Release|Any CPU.ActiveCfg = Release|Any CPU
		{42F944F8-501C-4C72-8EFF-0F2CD38F606C}.Release|Any CPU.Build.0 = Release|Any CPU
		{1A2E5E91-BB32-4660-B5A3-994EF2AC6894}.Debug|Any CPU.ActiveCfg = Debug|Any CPU
		{1A2E5E91-BB32-4660-B5A3-994EF2AC6894}.Debug|Any CPU.Build.0 = Debug|Any CPU
		{1A2E5E91-BB32-4660-B5A3-994EF2AC6894}.Release|Any CPU.ActiveCfg = Release|Any CPU
		{1A2E5E91-BB32-4660-B5A3-994EF2AC6894}.Release|Any CPU.Build.0 = Release|Any CPU
	EndGlobalSection
	GlobalSection(SolutionProperties) = preSolution
		HideSolutionNode = FALSE
	EndGlobalSection
	GlobalSection(ExtensibilityGlobals) = postSolution
		SolutionGuid = {57DCD126-AD9A-47C4-AFB1-57864989149C}
	EndGlobalSection
EndGlobal
